
Microsoft Visual Studio Solution File, Format Version 12.00
# Visual Studio Version 16
VisualStudioVersion = 16.0.30413.136
MinimumVisualStudioVersion = 10.0.40219.1
Project("{FAE04EC0-301F-11D3-BF4B-00C04F79EFBC}") = "TetrisConsoleApp", "TetrisConsoleApp.csproj", "{01994EFD-7020-46F3-B3D6-963417588185}"
EndProject
Global
	GlobalSection(SolutionConfigurationPlatforms) = preSolution
		Debug|Any CPU = Debug|Any CPU
		Release|Any CPU = Release|Any CPU
	EndGlobalSection
	GlobalSection(ProjectConfigurationPlatforms) = postSolution
		{01994EFD-7020-46F3-B3D6-963417588185}.Debug|Any CPU.ActiveCfg = Debug|Any CPU
		{01994EFD-7020-46F3-B3D6-963417588185}.Debug|Any CPU.Build.0 = Debug|Any CPU
		{01994EFD-7020-46F3-B3D6-963417588185}.Release|Any CPU.ActiveCfg = Release|Any CPU
		{01994EFD-7020-46F3-B3D6-963417588185}.Release|Any CPU.Build.0 = Release|Any CPU
	EndGlobalSection
	GlobalSection(SolutionProperties) = preSolution
		HideSolutionNode = FALSE
	EndGlobalSection
	GlobalSection(ExtensibilityGlobals) = postSolution
		SolutionGuid = {3DE463C7-8712-42C8-A6B1-0D8771054452}
	EndGlobalSection
EndGlobal
